
Microsoft Visual Studio Solution File, Format Version 12.00
# Visual Studio Version 17
VisualStudioVersion = 17.8.34330.188
MinimumVisualStudioVersion = 10.0.40219.1
Project("{9A19103F-16F7-4668-BE54-9A1E7A4F7556}") = "AnomalyDetection", "AnomalyDetection\AnomalyDetection.csproj", "{87D81327-35B5-4466-B3D3-25D0336E4B4B}"
EndProject
Project("{FAE04EC0-301F-11D3-BF4B-00C04F79EFBC}") = "Api", "Api\Api.csproj", "{7F8867B6-333C-4F08-95C3-7B5A487346D4}"
EndProject
Project("{FAE04EC0-301F-11D3-BF4B-00C04F79EFBC}") = "Db", "Db\Db.csproj", "{F6F2C226-9D82-4E25-AB34-D8A82A3AB053}"
EndProject
Project("{FAE04EC0-301F-11D3-BF4B-00C04F79EFBC}") = "Common", "Common\Common.csproj", "{A772820D-F4E6-4114-ABB4-20D8C678F0A0}"
EndProject
Global
	GlobalSection(SolutionConfigurationPlatforms) = preSolution
		Debug|Any CPU = Debug|Any CPU
		Release|Any CPU = Release|Any CPU
	EndGlobalSection
	GlobalSection(ProjectConfigurationPlatforms) = postSolution
		{87D81327-35B5-4466-B3D3-25D0336E4B4B}.Debug|Any CPU.ActiveCfg = Debug|Any CPU
		{87D81327-35B5-4466-B3D3-25D0336E4B4B}.Debug|Any CPU.Build.0 = Debug|Any CPU
		{87D81327-35B5-4466-B3D3-25D0336E4B4B}.Release|Any CPU.ActiveCfg = Release|Any CPU
		{87D81327-35B5-4466-B3D3-25D0336E4B4B}.Release|Any CPU.Build.0 = Release|Any CPU
		{7F8867B6-333C-4F08-95C3-7B5A487346D4}.Debug|Any CPU.ActiveCfg = Debug|Any CPU
		{7F8867B6-333C-4F08-95C3-7B5A487346D4}.Debug|Any CPU.Build.0 = Debug|Any CPU
		{7F8867B6-333C-4F08-95C3-7B5A487346D4}.Release|Any CPU.ActiveCfg = Release|Any CPU
		{7F8867B6-333C-4F08-95C3-7B5A487346D4}.Release|Any CPU.Build.0 = Release|Any CPU
		{F6F2C226-9D82-4E25-AB34-D8A82A3AB053}.Debug|Any CPU.ActiveCfg = Debug|Any CPU
		{F6F2C226-9D82-4E25-AB34-D8A82A3AB053}.Debug|Any CPU.Build.0 = Debug|Any CPU
		{F6F2C226-9D82-4E25-AB34-D8A82A3AB053}.Release|Any CPU.ActiveCfg = Release|Any CPU
		{F6F2C226-9D82-4E25-AB34-D8A82A3AB053}.Release|Any CPU.Build.0 = Release|Any CPU
		{A772820D-F4E6-4114-ABB4-20D8C678F0A0}.Debug|Any CPU.ActiveCfg = Debug|Any CPU
		{A772820D-F4E6-4114-ABB4-20D8C678F0A0}.Debug|Any CPU.Build.0 = Debug|Any CPU
		{A772820D-F4E6-4114-ABB4-20D8C678F0A0}.Release|Any CPU.ActiveCfg = Release|Any CPU
		{A772820D-F4E6-4114-ABB4-20D8C678F0A0}.Release|Any CPU.Build.0 = Release|Any CPU
	EndGlobalSection
	GlobalSection(SolutionProperties) = preSolution
		HideSolutionNode = FALSE
	EndGlobalSection
	GlobalSection(ExtensibilityGlobals) = postSolution
		SolutionGuid = {7B272642-187D-45FE-85E0-7FDB3178262A}
	EndGlobalSection
EndGlobal
